
Microsoft Visual Studio Solution File, Format Version 12.00
# Visual Studio Version 16
VisualStudioVersion = 16.0.30711.63
MinimumVisualStudioVersion = 10.0.40219.1
Project("{FAE04EC0-301F-11D3-BF4B-00C04F79EFBC}") = "TestEnumerator", "TestEnumerator\TestEnumerator.csproj", "{96AEDB13-1196-4815-AA04-039767FBB2A8}"
EndProject
Project("{FAE04EC0-301F-11D3-BF4B-00C04F79EFBC}") = "TestEnumerator.Tests", "TestEnumerator.Tests\TestEnumerator.Tests.csproj", "{A50BB2DA-5FFF-4E39-972F-24500C2117CA}"
EndProject
Global
	GlobalSection(SolutionConfigurationPlatforms) = preSolution
		Debug|Any CPU = Debug|Any CPU
		Release|Any CPU = Release|Any CPU
	EndGlobalSection
	GlobalSection(ProjectConfigurationPlatforms) = postSolution
		{96AEDB13-1196-4815-AA04-039767FBB2A8}.Debug|Any CPU.ActiveCfg = Debug|Any CPU
		{96AEDB13-1196-4815-AA04-039767FBB2A8}.Debug|Any CPU.Build.0 = Debug|Any CPU
		{96AEDB13-1196-4815-AA04-039767FBB2A8}.Release|Any CPU.ActiveCfg = Release|Any CPU
		{96AEDB13-1196-4815-AA04-039767FBB2A8}.Release|Any CPU.Build.0 = Release|Any CPU
		{A50BB2DA-5FFF-4E39-972F-24500C2117CA}.Debug|Any CPU.ActiveCfg = Debug|Any CPU
		{A50BB2DA-5FFF-4E39-972F-24500C2117CA}.Debug|Any CPU.Build.0 = Debug|Any CPU
		{A50BB2DA-5FFF-4E39-972F-24500C2117CA}.Release|Any CPU.ActiveCfg = Release|Any CPU
		{A50BB2DA-5FFF-4E39-972F-24500C2117CA}.Release|Any CPU.Build.0 = Release|Any CPU
	EndGlobalSection
	GlobalSection(SolutionProperties) = preSolution
		HideSolutionNode = FALSE
	EndGlobalSection
	GlobalSection(ExtensibilityGlobals) = postSolution
		SolutionGuid = {075B9463-AB01-4CF7-8D6C-4055CDDCFAA9}
	EndGlobalSection
EndGlobal
